// !$*UTF8*$!
{
	archiveVersion = 1;
	classes = {
	};
	objectVersion = 48;
	objects = {

/* Begin PBXBuildFile section */
		74B79258202B3254006BCB41 /* AppDelegate.swift in Sources */ = {isa = PBXBuildFile; fileRef = 74B79257202B3254006BCB41 /* AppDelegate.swift */; };
		74B7925F202B3254006BCB41 /* Assets.xcassets in Resources */ = {isa = PBXBuildFile; fileRef = 74B7925E202B3254006BCB41 /* Assets.xcassets */; };
		CE0190A525D4214B002D48BA /* Pods_Course5FinalTask.framework in Frameworks */ = {isa = PBXBuildFile; fileRef = CE0190A425D4214B002D48BA /* Pods_Course5FinalTask.framework */; };
		CE0190E125D4546B002D48BA /* UserListViewModel.swift in Sources */ = {isa = PBXBuildFile; fileRef = CE0190E025D4546B002D48BA /* UserListViewModel.swift */; };
		CE0190E525D46509002D48BA /* Box.swift in Sources */ = {isa = PBXBuildFile; fileRef = CE0190E425D46509002D48BA /* Box.swift */; };
		CE0190E725D472DF002D48BA /* UIConstants.swift in Sources */ = {isa = PBXBuildFile; fileRef = CE0190E625D472DF002D48BA /* UIConstants.swift */; };
		CE02BA1425F3BE8500788EE3 /* KeychainService.swift in Sources */ = {isa = PBXBuildFile; fileRef = CE02BA1325F3BE8500788EE3 /* KeychainService.swift */; };
		CE0CFFD02610F7D700B9A9AA /* NetworkErrorHandler.swift in Sources */ = {isa = PBXBuildFile; fileRef = CE0CFFCF2610F7D700B9A9AA /* NetworkErrorHandler.swift */; };
		CE16595925E0D1B2008E609A /* ProfileHeaderViewModel.swift in Sources */ = {isa = PBXBuildFile; fileRef = CE16595825E0D1B2008E609A /* ProfileHeaderViewModel.swift */; };
		CE16595D25E18D06008E609A /* ProfileViewModel.swift in Sources */ = {isa = PBXBuildFile; fileRef = CE16595C25E18D06008E609A /* ProfileViewModel.swift */; };
		CE20DD6F25FA158C00274A95 /* AppError.swift in Sources */ = {isa = PBXBuildFile; fileRef = CE20DD6E25FA158C00274A95 /* AppError.swift */; };
		CE20DDE525FB410900274A95 /* NibTableViewCell.swift in Sources */ = {isa = PBXBuildFile; fileRef = CE20DDE425FB410900274A95 /* NibTableViewCell.swift */; };
		CE2FF9602603D47900FDA68D /* Course5FinalTask.xcdatamodeld in Sources */ = {isa = PBXBuildFile; fileRef = CE2FF95E2603D47900FDA68D /* Course5FinalTask.xcdatamodeld */; };
		CE2FF96726049F3000FDA68D /* CoreDataService.swift in Sources */ = {isa = PBXBuildFile; fileRef = CE2FF96626049F3000FDA68D /* CoreDataService.swift */; };
		CE2FF9692604A32100FDA68D /* DataStorageService.swift in Sources */ = {isa = PBXBuildFile; fileRef = CE2FF9682604A32100FDA68D /* DataStorageService.swift */; };
		CE3A168325F7F8C900FFA849 /* DataFetchingService.swift in Sources */ = {isa = PBXBuildFile; fileRef = CE3A168225F7F8C900FFA849 /* DataFetchingService.swift */; };
		CE3A168525F7FA2E00FFA849 /* AuthorizationService.swift in Sources */ = {isa = PBXBuildFile; fileRef = CE3A168425F7FA2E00FFA849 /* AuthorizationService.swift */; };
		CE3DD1DE2585301C00C31D7F /* NetworkError.swift in Sources */ = {isa = PBXBuildFile; fileRef = CE3DD1DD2585301C00C31D7F /* NetworkError.swift */; };
		CE4075B9257549D9006F4592 /* TokenModel.swift in Sources */ = {isa = PBXBuildFile; fileRef = CE4075B8257549D9006F4592 /* TokenModel.swift */; };
		CE4075BB25754AC0006F4592 /* AutorizationModel.swift in Sources */ = {isa = PBXBuildFile; fileRef = CE4075BA25754AC0006F4592 /* AutorizationModel.swift */; };
		CE4075BD25754AF7006F4592 /* PostModel.swift in Sources */ = {isa = PBXBuildFile; fileRef = CE4075BC25754AF7006F4592 /* PostModel.swift */; };
		CE4075C325755F4B006F4592 /* AuthorizationViewController.swift in Sources */ = {isa = PBXBuildFile; fileRef = CE4075C225755F4B006F4592 /* AuthorizationViewController.swift */; };
		CE4075C52576A5E1006F4592 /* NetworkService.swift in Sources */ = {isa = PBXBuildFile; fileRef = CE4075C42576A5E1006F4592 /* NetworkService.swift */; };
		CE4075C72576A7B4006F4592 /* AuthorizationURLCreator.swift in Sources */ = {isa = PBXBuildFile; fileRef = CE4075C62576A7B4006F4592 /* AuthorizationURLCreator.swift */; };
		CE4075CB2576B34E006F4592 /* RequestService.swift in Sources */ = {isa = PBXBuildFile; fileRef = CE4075CA2576B34E006F4592 /* RequestService.swift */; };
		CE4075CD2576B3C0006F4592 /* HTTPMethod.swift in Sources */ = {isa = PBXBuildFile; fileRef = CE4075CC2576B3C0006F4592 /* HTTPMethod.swift */; };
		CE4075CF2576BABC006F4592 /* TabBarController.swift in Sources */ = {isa = PBXBuildFile; fileRef = CE4075CE2576BABC006F4592 /* TabBarController.swift */; };
		CE4075D52577FE4E006F4592 /* DateFormatter+Extension.swift in Sources */ = {isa = PBXBuildFile; fileRef = CE4075D42577FE4E006F4592 /* DateFormatter+Extension.swift */; };
		CE4075DB257AC629006F4592 /* LoadingView.swift in Sources */ = {isa = PBXBuildFile; fileRef = CE4075DA257AC629006F4592 /* LoadingView.swift */; };
		CE4075DD257BB59F006F4592 /* DataTaskService.swift in Sources */ = {isa = PBXBuildFile; fileRef = CE4075DC257BB59F006F4592 /* DataTaskService.swift */; };
		CE5E78FC26179AAD00A0AF72 /* NSManagedObjectContext+Extension.swift in Sources */ = {isa = PBXBuildFile; fileRef = CE5E78FB26179AAD00A0AF72 /* NSManagedObjectContext+Extension.swift */; };
		CE6D676E24E02574002FE7F2 /* UserListViewController.swift in Sources */ = {isa = PBXBuildFile; fileRef = CE6D676D24E02574002FE7F2 /* UserListViewController.swift */; };
		CE6E2D5224D947DA00A4B08B /* ProfileViewController.swift in Sources */ = {isa = PBXBuildFile; fileRef = CE6E2D5124D947DA00A4B08B /* ProfileViewController.swift */; };
		CE6E2D5624D9BD3300A4B08B /* FeedPostCell.swift in Sources */ = {isa = PBXBuildFile; fileRef = CE6E2D5524D9BD3300A4B08B /* FeedPostCell.swift */; };
		CE6F191926792C0F00F90C6B /* Localizable.strings in Resources */ = {isa = PBXBuildFile; fileRef = CE6F191826792C0F00F90C6B /* Localizable.strings */; };
		CE6F191B26792CAE00F90C6B /* String+Extension.swift in Sources */ = {isa = PBXBuildFile; fileRef = CE6F191A26792CAE00F90C6B /* String+Extension.swift */; };
		CE6F191C267A5FDC00F90C6B /* SharingViewController.xib in Resources */ = {isa = PBXBuildFile; fileRef = CE6F191E267A5FDC00F90C6B /* SharingViewController.xib */; };
		CE76326A2573743F00E4F7AE /* UserModel.swift in Sources */ = {isa = PBXBuildFile; fileRef = CE7632692573743F00E4F7AE /* UserModel.swift */; };
		CE76326C2573746600E4F7AE /* UIViewController+Extensions.swift in Sources */ = {isa = PBXBuildFile; fileRef = CE76326B2573746600E4F7AE /* UIViewController+Extensions.swift */; };
		CE7D7CD1267B089E0012C2F0 /* ServerConstants.swift in Sources */ = {isa = PBXBuildFile; fileRef = CE7D7CD0267B089E0012C2F0 /* ServerConstants.swift */; };
		CE813ABE2580F77D006DCCBB /* UserListType.swift in Sources */ = {isa = PBXBuildFile; fileRef = CE813ABD2580F77D006DCCBB /* UserListType.swift */; };
		CE88991A25DE4998000DA414 /* ProfileViewController.xib in Resources */ = {isa = PBXBuildFile; fileRef = CE88991925DE4998000DA414 /* ProfileViewController.xib */; };
		CE88991C25DE55EA000DA414 /* FeedPostCell.xib in Resources */ = {isa = PBXBuildFile; fileRef = CE88991B25DE55EA000DA414 /* FeedPostCell.xib */; };
		CE88991E25DE5680000DA414 /* FeedViewController.xib in Resources */ = {isa = PBXBuildFile; fileRef = CE88991D25DE5680000DA414 /* FeedViewController.xib */; };
		CE9BEA7A258B19090006EFEA /* UIImageView+Extension.swift in Sources */ = {isa = PBXBuildFile; fileRef = CE9BEA79258B19090006EFEA /* UIImageView+Extension.swift */; };
		CE9BEA7E258BB9690006EFEA /* NewImagesProvider.swift in Sources */ = {isa = PBXBuildFile; fileRef = CE9BEA7D258BB9690006EFEA /* NewImagesProvider.swift */; };
		CE9C3593252A421A00730A47 /* FilterCell.swift in Sources */ = {isa = PBXBuildFile; fileRef = CE9C3591252A421A00730A47 /* FilterCell.swift */; };
		CE9C3594252A421A00730A47 /* FilterCell.xib in Resources */ = {isa = PBXBuildFile; fileRef = CE9C3592252A421A00730A47 /* FilterCell.xib */; };
		CEA36F3F252E264000386D64 /* FilterImageOperation.swift in Sources */ = {isa = PBXBuildFile; fileRef = CEA36F3E252E264000386D64 /* FilterImageOperation.swift */; };
		CEA36F43252F78C200386D64 /* SharingViewController.swift in Sources */ = {isa = PBXBuildFile; fileRef = CEA36F41252F78C200386D64 /* SharingViewController.swift */; };
		CEB0222424DD79C3009D0615 /* ProfilePhotoCell.swift in Sources */ = {isa = PBXBuildFile; fileRef = CEB0222324DD79C3009D0615 /* ProfilePhotoCell.swift */; };
		CEB7A7E625E2B6F1009D9897 /* UIView+Extension.swift in Sources */ = {isa = PBXBuildFile; fileRef = CEB7A7E525E2B6F1009D9897 /* UIView+Extension.swift */; };
		CEB7A7E825E2BC96009D9897 /* FeedViewModel.swift in Sources */ = {isa = PBXBuildFile; fileRef = CEB7A7E725E2BC96009D9897 /* FeedViewModel.swift */; };
		CEB7A7EB25E37DCE009D9897 /* FeedPostCellViewModel.swift in Sources */ = {isa = PBXBuildFile; fileRef = CEB7A7EA25E37DCE009D9897 /* FeedPostCellViewModel.swift */; };
		CEB7A7F425EA7B6F009D9897 /* URL+Extension.swift in Sources */ = {isa = PBXBuildFile; fileRef = CEB7A7F325EA7B6F009D9897 /* URL+Extension.swift */; };
		CEBE92AD25264BF6002A6A63 /* NewPostViewController.swift in Sources */ = {isa = PBXBuildFile; fileRef = CEBE92AB25264BF6002A6A63 /* NewPostViewController.swift */; };
		CEBE92B02528C4CC002A6A63 /* NewPhotoCell.xib in Resources */ = {isa = PBXBuildFile; fileRef = CEBE92AF2528C4CC002A6A63 /* NewPhotoCell.xib */; };
		CEBE92B22528C588002A6A63 /* NewPhotoCell.swift in Sources */ = {isa = PBXBuildFile; fileRef = CEBE92B12528C588002A6A63 /* NewPhotoCell.swift */; };
		CEBE92B62529AA7A002A6A63 /* FiltersViewController.swift in Sources */ = {isa = PBXBuildFile; fileRef = CEBE92B42529AA7A002A6A63 /* FiltersViewController.swift */; };
		CEBE92B72529AA7A002A6A63 /* FiltersViewController.xib in Resources */ = {isa = PBXBuildFile; fileRef = CEBE92B52529AA7A002A6A63 /* FiltersViewController.xib */; };
		CECB0BFD24C86FFA0086A593 /* LaunchScreen.storyboard in Resources */ = {isa = PBXBuildFile; fileRef = CECB0BFC24C86FFA0086A593 /* LaunchScreen.storyboard */; };
		CECB0BFF24C8725D0086A593 /* FeedViewController.swift in Sources */ = {isa = PBXBuildFile; fileRef = CECB0BFE24C8725D0086A593 /* FeedViewController.swift */; };
		CED3279024DE6E4000BB1A80 /* ProfilePhotoCell.xib in Resources */ = {isa = PBXBuildFile; fileRef = CED3278F24DE6E4000BB1A80 /* ProfilePhotoCell.xib */; };
		CED3279424DED5EC00BB1A80 /* ProfileHeaderView.xib in Resources */ = {isa = PBXBuildFile; fileRef = CED3279324DED5EC00BB1A80 /* ProfileHeaderView.xib */; };
		CED3279624DED6D200BB1A80 /* ProfileHeaderView.swift in Sources */ = {isa = PBXBuildFile; fileRef = CED3279524DED6D200BB1A80 /* ProfileHeaderView.swift */; };
		CEDA405125D6FFE2008D0B71 /* AuthorizationViewModel.swift in Sources */ = {isa = PBXBuildFile; fileRef = CEDA405025D6FFE2008D0B71 /* AuthorizationViewModel.swift */; };
		CEDA405625DBF159008D0B71 /* FiltersViewModel.swift in Sources */ = {isa = PBXBuildFile; fileRef = CEDA405525DBF159008D0B71 /* FiltersViewModel.swift */; };
		CEDA405825DBF86C008D0B71 /* Data+Extension.swift in Sources */ = {isa = PBXBuildFile; fileRef = CEDA405725DBF86C008D0B71 /* Data+Extension.swift */; };
		CEEB25AB25DD70EE009EF29B /* NewPostViewModel.swift in Sources */ = {isa = PBXBuildFile; fileRef = CEEB25AA25DD70EE009EF29B /* NewPostViewModel.swift */; };
		CEEEE9BD2622090C004333A4 /* AuthorizationViewModelTests.swift in Sources */ = {isa = PBXBuildFile; fileRef = CEEEE9BC2622090C004333A4 /* AuthorizationViewModelTests.swift */; };
		CEFF9CA525D5B2C3004C357F /* UserURLCreator.swift in Sources */ = {isa = PBXBuildFile; fileRef = CEFF9CA425D5B2C3004C357F /* UserURLCreator.swift */; };
		CEFF9CA725D5B2E5004C357F /* PostURLCreator.swift in Sources */ = {isa = PBXBuildFile; fileRef = CEFF9CA625D5B2E5004C357F /* PostURLCreator.swift */; };
		CEFF9CA925D6D455004C357F /* SharingViewModel.swift in Sources */ = {isa = PBXBuildFile; fileRef = CEFF9CA825D6D455004C357F /* SharingViewModel.swift */; };
/* End PBXBuildFile section */

/* Begin PBXCopyFilesBuildPhase section */
		74B7927A202B33EA006BCB41 /* Embed Frameworks */ = {
			isa = PBXCopyFilesBuildPhase;
			buildActionMask = 2147483647;
			dstPath = "";
			dstSubfolderSpec = 10;
			files = (
			);
			name = "Embed Frameworks";
			runOnlyForDeploymentPostprocessing = 0;
		};
/* End PBXCopyFilesBuildPhase section */

/* Begin PBXFileReference section */
		2AF9CE4DFB87810DC467B92C /* Pods-Course5FinalTask.release.xcconfig */ = {isa = PBXFileReference; includeInIndex = 1; lastKnownFileType = text.xcconfig; name = "Pods-Course5FinalTask.release.xcconfig"; path = "Target Support Files/Pods-Course5FinalTask/Pods-Course5FinalTask.release.xcconfig"; sourceTree = "<group>"; };
		74B79254202B3254006BCB41 /* Course5FinalTask.app */ = {isa = PBXFileReference; explicitFileType = wrapper.application; includeInIndex = 0; path = Course5FinalTask.app; sourceTree = BUILT_PRODUCTS_DIR; };
		74B79257202B3254006BCB41 /* AppDelegate.swift */ = {isa = PBXFileReference; lastKnownFileType = sourcecode.swift; path = AppDelegate.swift; sourceTree = "<group>"; };
		74B7925E202B3254006BCB41 /* Assets.xcassets */ = {isa = PBXFileReference; lastKnownFileType = folder.assetcatalog; path = Assets.xcassets; sourceTree = "<group>"; };
		74B79263202B3254006BCB41 /* Info.plist */ = {isa = PBXFileReference; lastKnownFileType = text.plist.xml; path = Info.plist; sourceTree = "<group>"; };
		B28970D85143007B96B904C6 /* Pods-Course5FinalTask.debug.xcconfig */ = {isa = PBXFileReference; includeInIndex = 1; lastKnownFileType = text.xcconfig; name = "Pods-Course5FinalTask.debug.xcconfig"; path = "Target Support Files/Pods-Course5FinalTask/Pods-Course5FinalTask.debug.xcconfig"; sourceTree = "<group>"; };
		BAE900884E60C549945C0EA7 /* Pods_Course4FinalTask.framework */ = {isa = PBXFileReference; explicitFileType = wrapper.framework; includeInIndex = 0; path = Pods_Course4FinalTask.framework; sourceTree = BUILT_PRODUCTS_DIR; };
		C25BEC33B84758FFB3785A52 /* Pods-Course4FinalTask.debug.xcconfig */ = {isa = PBXFileReference; includeInIndex = 1; lastKnownFileType = text.xcconfig; name = "Pods-Course4FinalTask.debug.xcconfig"; path = "Target Support Files/Pods-Course4FinalTask/Pods-Course4FinalTask.debug.xcconfig"; sourceTree = "<group>"; };
		CE0190A425D4214B002D48BA /* Pods_Course5FinalTask.framework */ = {isa = PBXFileReference; explicitFileType = wrapper.framework; path = Pods_Course5FinalTask.framework; sourceTree = BUILT_PRODUCTS_DIR; };
		CE0190E025D4546B002D48BA /* UserListViewModel.swift */ = {isa = PBXFileReference; lastKnownFileType = sourcecode.swift; path = UserListViewModel.swift; sourceTree = "<group>"; };
		CE0190E425D46509002D48BA /* Box.swift */ = {isa = PBXFileReference; lastKnownFileType = sourcecode.swift; path = Box.swift; sourceTree = "<group>"; };
		CE0190E625D472DF002D48BA /* UIConstants.swift */ = {isa = PBXFileReference; lastKnownFileType = sourcecode.swift; path = UIConstants.swift; sourceTree = "<group>"; };
		CE02BA1325F3BE8500788EE3 /* KeychainService.swift */ = {isa = PBXFileReference; lastKnownFileType = sourcecode.swift; path = KeychainService.swift; sourceTree = "<group>"; };
		CE0CFFCF2610F7D700B9A9AA /* NetworkErrorHandler.swift */ = {isa = PBXFileReference; lastKnownFileType = sourcecode.swift; path = NetworkErrorHandler.swift; sourceTree = "<group>"; };
		CE16595825E0D1B2008E609A /* ProfileHeaderViewModel.swift */ = {isa = PBXFileReference; lastKnownFileType = sourcecode.swift; path = ProfileHeaderViewModel.swift; sourceTree = "<group>"; };
		CE16595C25E18D06008E609A /* ProfileViewModel.swift */ = {isa = PBXFileReference; lastKnownFileType = sourcecode.swift; path = ProfileViewModel.swift; sourceTree = "<group>"; };
		CE20DD6E25FA158C00274A95 /* AppError.swift */ = {isa = PBXFileReference; lastKnownFileType = sourcecode.swift; path = AppError.swift; sourceTree = "<group>"; };
		CE20DDE425FB410900274A95 /* NibTableViewCell.swift */ = {isa = PBXFileReference; lastKnownFileType = sourcecode.swift; path = NibTableViewCell.swift; sourceTree = "<group>"; };
		CE2FF95F2603D47900FDA68D /* CoreDataModels.xcdatamodel */ = {isa = PBXFileReference; lastKnownFileType = wrapper.xcdatamodel; path = CoreDataModels.xcdatamodel; sourceTree = "<group>"; };
		CE2FF96626049F3000FDA68D /* CoreDataService.swift */ = {isa = PBXFileReference; fileEncoding = 4; lastKnownFileType = sourcecode.swift; path = CoreDataService.swift; sourceTree = "<group>"; };
		CE2FF9682604A32100FDA68D /* DataStorageService.swift */ = {isa = PBXFileReference; lastKnownFileType = sourcecode.swift; path = DataStorageService.swift; sourceTree = "<group>"; };
		CE3A168225F7F8C900FFA849 /* DataFetchingService.swift */ = {isa = PBXFileReference; lastKnownFileType = sourcecode.swift; path = DataFetchingService.swift; sourceTree = "<group>"; };
		CE3A168425F7FA2E00FFA849 /* AuthorizationService.swift */ = {isa = PBXFileReference; lastKnownFileType = sourcecode.swift; path = AuthorizationService.swift; sourceTree = "<group>"; };
		CE3DD1DD2585301C00C31D7F /* NetworkError.swift */ = {isa = PBXFileReference; lastKnownFileType = sourcecode.swift; path = NetworkError.swift; sourceTree = "<group>"; };
		CE4075B8257549D9006F4592 /* TokenModel.swift */ = {isa = PBXFileReference; lastKnownFileType = sourcecode.swift; path = TokenModel.swift; sourceTree = "<group>"; };
		CE4075BA25754AC0006F4592 /* AutorizationModel.swift */ = {isa = PBXFileReference; lastKnownFileType = sourcecode.swift; path = AutorizationModel.swift; sourceTree = "<group>"; };
		CE4075BC25754AF7006F4592 /* PostModel.swift */ = {isa = PBXFileReference; lastKnownFileType = sourcecode.swift; path = PostModel.swift; sourceTree = "<group>"; };
		CE4075C225755F4B006F4592 /* AuthorizationViewController.swift */ = {isa = PBXFileReference; lastKnownFileType = sourcecode.swift; path = AuthorizationViewController.swift; sourceTree = "<group>"; };
		CE4075C42576A5E1006F4592 /* NetworkService.swift */ = {isa = PBXFileReference; lastKnownFileType = sourcecode.swift; path = NetworkService.swift; sourceTree = "<group>"; };
		CE4075C62576A7B4006F4592 /* AuthorizationURLCreator.swift */ = {isa = PBXFileReference; lastKnownFileType = sourcecode.swift; path = AuthorizationURLCreator.swift; sourceTree = "<group>"; };
		CE4075CA2576B34E006F4592 /* RequestService.swift */ = {isa = PBXFileReference; lastKnownFileType = sourcecode.swift; path = RequestService.swift; sourceTree = "<group>"; };
		CE4075CC2576B3C0006F4592 /* HTTPMethod.swift */ = {isa = PBXFileReference; lastKnownFileType = sourcecode.swift; path = HTTPMethod.swift; sourceTree = "<group>"; };
		CE4075CE2576BABC006F4592 /* TabBarController.swift */ = {isa = PBXFileReference; lastKnownFileType = sourcecode.swift; path = TabBarController.swift; sourceTree = "<group>"; };
		CE4075D42577FE4E006F4592 /* DateFormatter+Extension.swift */ = {isa = PBXFileReference; lastKnownFileType = sourcecode.swift; path = "DateFormatter+Extension.swift"; sourceTree = "<group>"; };
		CE4075DA257AC629006F4592 /* LoadingView.swift */ = {isa = PBXFileReference; lastKnownFileType = sourcecode.swift; path = LoadingView.swift; sourceTree = "<group>"; };
		CE4075DC257BB59F006F4592 /* DataTaskService.swift */ = {isa = PBXFileReference; lastKnownFileType = sourcecode.swift; path = DataTaskService.swift; sourceTree = "<group>"; };
		CE5E78FB26179AAD00A0AF72 /* NSManagedObjectContext+Extension.swift */ = {isa = PBXFileReference; lastKnownFileType = sourcecode.swift; path = "NSManagedObjectContext+Extension.swift"; sourceTree = "<group>"; };
		CE6D676D24E02574002FE7F2 /* UserListViewController.swift */ = {isa = PBXFileReference; lastKnownFileType = sourcecode.swift; path = UserListViewController.swift; sourceTree = "<group>"; };
		CE6E2D5124D947DA00A4B08B /* ProfileViewController.swift */ = {isa = PBXFileReference; lastKnownFileType = sourcecode.swift; path = ProfileViewController.swift; sourceTree = "<group>"; };
		CE6E2D5524D9BD3300A4B08B /* FeedPostCell.swift */ = {isa = PBXFileReference; lastKnownFileType = sourcecode.swift; path = FeedPostCell.swift; sourceTree = "<group>"; };
		CE6F191826792C0F00F90C6B /* Localizable.strings */ = {isa = PBXFileReference; lastKnownFileType = text.plist.strings; path = Localizable.strings; sourceTree = "<group>"; };
		CE6F191A26792CAE00F90C6B /* String+Extension.swift */ = {isa = PBXFileReference; lastKnownFileType = sourcecode.swift; path = "String+Extension.swift"; sourceTree = "<group>"; };
		CE6F191F267A5FE400F90C6B /* Base */ = {isa = PBXFileReference; lastKnownFileType = file.xib; name = Base; path = Base.lproj/SharingViewController.xib; sourceTree = "<group>"; };
		CE6F1920267A5FE900F90C6B /* ru */ = {isa = PBXFileReference; lastKnownFileType = text.plist.strings; name = ru; path = ru.lproj/SharingViewController.strings; sourceTree = "<group>"; };
		CE7632692573743F00E4F7AE /* UserModel.swift */ = {isa = PBXFileReference; fileEncoding = 4; lastKnownFileType = sourcecode.swift; path = UserModel.swift; sourceTree = "<group>"; };
		CE76326B2573746600E4F7AE /* UIViewController+Extensions.swift */ = {isa = PBXFileReference; fileEncoding = 4; lastKnownFileType = sourcecode.swift; path = "UIViewController+Extensions.swift"; sourceTree = "<group>"; };
		CE7D7CD0267B089E0012C2F0 /* ServerConstants.swift */ = {isa = PBXFileReference; lastKnownFileType = sourcecode.swift; name = ServerConstants.swift; path = "/Users/user/Documents/Нетология/Course5FinalTask/Course5FinalTask/Modules/Sharing/ServerConstants.swift"; sourceTree = "<absolute>"; };
		CE813ABD2580F77D006DCCBB /* UserListType.swift */ = {isa = PBXFileReference; lastKnownFileType = sourcecode.swift; path = UserListType.swift; sourceTree = "<group>"; };
		CE88991925DE4998000DA414 /* ProfileViewController.xib */ = {isa = PBXFileReference; lastKnownFileType = file.xib; path = ProfileViewController.xib; sourceTree = "<group>"; };
		CE88991B25DE55EA000DA414 /* FeedPostCell.xib */ = {isa = PBXFileReference; lastKnownFileType = file.xib; path = FeedPostCell.xib; sourceTree = "<group>"; };
		CE88991D25DE5680000DA414 /* FeedViewController.xib */ = {isa = PBXFileReference; lastKnownFileType = file.xib; path = FeedViewController.xib; sourceTree = "<group>"; };
		CE9BEA79258B19090006EFEA /* UIImageView+Extension.swift */ = {isa = PBXFileReference; lastKnownFileType = sourcecode.swift; path = "UIImageView+Extension.swift"; sourceTree = "<group>"; };
		CE9BEA7D258BB9690006EFEA /* NewImagesProvider.swift */ = {isa = PBXFileReference; lastKnownFileType = sourcecode.swift; path = NewImagesProvider.swift; sourceTree = "<group>"; };
		CE9C3591252A421A00730A47 /* FilterCell.swift */ = {isa = PBXFileReference; lastKnownFileType = sourcecode.swift; path = FilterCell.swift; sourceTree = "<group>"; };
		CE9C3592252A421A00730A47 /* FilterCell.xib */ = {isa = PBXFileReference; lastKnownFileType = file.xib; path = FilterCell.xib; sourceTree = "<group>"; };
		CEA36F3E252E264000386D64 /* FilterImageOperation.swift */ = {isa = PBXFileReference; lastKnownFileType = sourcecode.swift; path = FilterImageOperation.swift; sourceTree = "<group>"; };
		CEA36F41252F78C200386D64 /* SharingViewController.swift */ = {isa = PBXFileReference; lastKnownFileType = sourcecode.swift; path = SharingViewController.swift; sourceTree = "<group>"; };
		CEB0222324DD79C3009D0615 /* ProfilePhotoCell.swift */ = {isa = PBXFileReference; lastKnownFileType = sourcecode.swift; path = ProfilePhotoCell.swift; sourceTree = "<group>"; };
		CEB7A7E525E2B6F1009D9897 /* UIView+Extension.swift */ = {isa = PBXFileReference; lastKnownFileType = sourcecode.swift; path = "UIView+Extension.swift"; sourceTree = "<group>"; };
		CEB7A7E725E2BC96009D9897 /* FeedViewModel.swift */ = {isa = PBXFileReference; lastKnownFileType = sourcecode.swift; path = FeedViewModel.swift; sourceTree = "<group>"; };
		CEB7A7EA25E37DCE009D9897 /* FeedPostCellViewModel.swift */ = {isa = PBXFileReference; lastKnownFileType = sourcecode.swift; path = FeedPostCellViewModel.swift; sourceTree = "<group>"; };
		CEB7A7F325EA7B6F009D9897 /* URL+Extension.swift */ = {isa = PBXFileReference; lastKnownFileType = sourcecode.swift; path = "URL+Extension.swift"; sourceTree = "<group>"; };
		CEBE92AB25264BF6002A6A63 /* NewPostViewController.swift */ = {isa = PBXFileReference; lastKnownFileType = sourcecode.swift; path = NewPostViewController.swift; sourceTree = "<group>"; };
		CEBE92AF2528C4CC002A6A63 /* NewPhotoCell.xib */ = {isa = PBXFileReference; lastKnownFileType = file.xib; path = NewPhotoCell.xib; sourceTree = "<group>"; };
		CEBE92B12528C588002A6A63 /* NewPhotoCell.swift */ = {isa = PBXFileReference; lastKnownFileType = sourcecode.swift; path = NewPhotoCell.swift; sourceTree = "<group>"; };
		CEBE92B42529AA7A002A6A63 /* FiltersViewController.swift */ = {isa = PBXFileReference; lastKnownFileType = sourcecode.swift; path = FiltersViewController.swift; sourceTree = "<group>"; };
		CEBE92B52529AA7A002A6A63 /* FiltersViewController.xib */ = {isa = PBXFileReference; lastKnownFileType = file.xib; path = FiltersViewController.xib; sourceTree = "<group>"; };
		CECB0BFC24C86FFA0086A593 /* LaunchScreen.storyboard */ = {isa = PBXFileReference; lastKnownFileType = file.storyboard; path = LaunchScreen.storyboard; sourceTree = "<group>"; };
		CECB0BFE24C8725D0086A593 /* FeedViewController.swift */ = {isa = PBXFileReference; lastKnownFileType = sourcecode.swift; path = FeedViewController.swift; sourceTree = "<group>"; };
		CED3278F24DE6E4000BB1A80 /* ProfilePhotoCell.xib */ = {isa = PBXFileReference; lastKnownFileType = file.xib; path = ProfilePhotoCell.xib; sourceTree = "<group>"; };
		CED3279324DED5EC00BB1A80 /* ProfileHeaderView.xib */ = {isa = PBXFileReference; lastKnownFileType = file.xib; path = ProfileHeaderView.xib; sourceTree = "<group>"; };
		CED3279524DED6D200BB1A80 /* ProfileHeaderView.swift */ = {isa = PBXFileReference; lastKnownFileType = sourcecode.swift; path = ProfileHeaderView.swift; sourceTree = "<group>"; };
		CEDA405025D6FFE2008D0B71 /* AuthorizationViewModel.swift */ = {isa = PBXFileReference; lastKnownFileType = sourcecode.swift; path = AuthorizationViewModel.swift; sourceTree = "<group>"; };
		CEDA405525DBF159008D0B71 /* FiltersViewModel.swift */ = {isa = PBXFileReference; lastKnownFileType = sourcecode.swift; path = FiltersViewModel.swift; sourceTree = "<group>"; };
		CEDA405725DBF86C008D0B71 /* Data+Extension.swift */ = {isa = PBXFileReference; lastKnownFileType = sourcecode.swift; path = "Data+Extension.swift"; sourceTree = "<group>"; };
		CEEB25AA25DD70EE009EF29B /* NewPostViewModel.swift */ = {isa = PBXFileReference; lastKnownFileType = sourcecode.swift; path = NewPostViewModel.swift; sourceTree = "<group>"; };
		CEEEE9BA2622090C004333A4 /* Course5FinalTaskTests.xctest */ = {isa = PBXFileReference; explicitFileType = wrapper.cfbundle; includeInIndex = 0; path = Course5FinalTaskTests.xctest; sourceTree = BUILT_PRODUCTS_DIR; };
		CEEEE9BC2622090C004333A4 /* AuthorizationViewModelTests.swift */ = {isa = PBXFileReference; lastKnownFileType = sourcecode.swift; path = AuthorizationViewModelTests.swift; sourceTree = "<group>"; };
		CEEEE9BE2622090C004333A4 /* Info.plist */ = {isa = PBXFileReference; lastKnownFileType = text.plist.xml; path = Info.plist; sourceTree = "<group>"; };
		CEFF9CA425D5B2C3004C357F /* UserURLCreator.swift */ = {isa = PBXFileReference; lastKnownFileType = sourcecode.swift; path = UserURLCreator.swift; sourceTree = "<group>"; };
		CEFF9CA625D5B2E5004C357F /* PostURLCreator.swift */ = {isa = PBXFileReference; lastKnownFileType = sourcecode.swift; path = PostURLCreator.swift; sourceTree = "<group>"; };
		CEFF9CA825D6D455004C357F /* SharingViewModel.swift */ = {isa = PBXFileReference; lastKnownFileType = sourcecode.swift; path = SharingViewModel.swift; sourceTree = "<group>"; };
		EF8B126BC14502BF444F363E /* Pods-Course4FinalTask.release.xcconfig */ = {isa = PBXFileReference; includeInIndex = 1; lastKnownFileType = text.xcconfig; name = "Pods-Course4FinalTask.release.xcconfig"; path = "Target Support Files/Pods-Course4FinalTask/Pods-Course4FinalTask.release.xcconfig"; sourceTree = "<group>"; };
/* End PBXFileReference section */

/* Begin PBXFrameworksBuildPhase section */
		74B79251202B3254006BCB41 /* Frameworks */ = {
			isa = PBXFrameworksBuildPhase;
			buildActionMask = 2147483647;
			files = (
				CE0190A525D4214B002D48BA /* Pods_Course5FinalTask.framework in Frameworks */,
			);
			runOnlyForDeploymentPostprocessing = 0;
		};
		CEEEE9B72622090C004333A4 /* Frameworks */ = {
			isa = PBXFrameworksBuildPhase;
			buildActionMask = 2147483647;
			files = (
			);
			runOnlyForDeploymentPostprocessing = 0;
		};
/* End PBXFrameworksBuildPhase section */

/* Begin PBXGroup section */
		3BB7C4F0BC0DDB71124226DB /* Frameworks */ = {
			isa = PBXGroup;
			children = (
				CE0190A425D4214B002D48BA /* Pods_Course5FinalTask.framework */,
				BAE900884E60C549945C0EA7 /* Pods_Course4FinalTask.framework */,
			);
			name = Frameworks;
			sourceTree = "<group>";
		};
		74B7924B202B3254006BCB41 = {
			isa = PBXGroup;
			children = (
				74B79256202B3254006BCB41 /* Course5FinalTask */,
				CEEEE9BB2622090C004333A4 /* Course5FinalTaskTests */,
				74B79255202B3254006BCB41 /* Products */,
				96423C1EB2962C0B6B65CBDB /* Pods */,
				3BB7C4F0BC0DDB71124226DB /* Frameworks */,
			);
			sourceTree = "<group>";
		};
		74B79255202B3254006BCB41 /* Products */ = {
			isa = PBXGroup;
			children = (
				74B79254202B3254006BCB41 /* Course5FinalTask.app */,
				CEEEE9BA2622090C004333A4 /* Course5FinalTaskTests.xctest */,
			);
			name = Products;
			sourceTree = "<group>";
		};
		74B79256202B3254006BCB41 /* Course5FinalTask */ = {
			isa = PBXGroup;
			children = (
				74B79257202B3254006BCB41 /* AppDelegate.swift */,
				CE7632682573732A00E4F7AE /* Modules */,
				CE76326D257374BA00E4F7AE /* Models */,
				CE4075BE25754B21006F4592 /* Services */,
				CEA36F3D252E25E300386D64 /* Additional Files */,
				74B7927D202B3434006BCB41 /* Supporting Files */,
				74B7927C202B342E006BCB41 /* Resources */,
			);
			path = Course5FinalTask;
			sourceTree = "<group>";
		};
		74B7927C202B342E006BCB41 /* Resources */ = {
			isa = PBXGroup;
			children = (
				74B7925E202B3254006BCB41 /* Assets.xcassets */,
			);
			path = Resources;
			sourceTree = "<group>";
		};
		74B7927D202B3434006BCB41 /* Supporting Files */ = {
			isa = PBXGroup;
			children = (
				CECB0BFC24C86FFA0086A593 /* LaunchScreen.storyboard */,
				74B79263202B3254006BCB41 /* Info.plist */,
				CE6F191826792C0F00F90C6B /* Localizable.strings */,
			);
			path = "Supporting Files";
			sourceTree = "<group>";
		};
		96423C1EB2962C0B6B65CBDB /* Pods */ = {
			isa = PBXGroup;
			children = (
				C25BEC33B84758FFB3785A52 /* Pods-Course4FinalTask.debug.xcconfig */,
				EF8B126BC14502BF444F363E /* Pods-Course4FinalTask.release.xcconfig */,
				B28970D85143007B96B904C6 /* Pods-Course5FinalTask.debug.xcconfig */,
				2AF9CE4DFB87810DC467B92C /* Pods-Course5FinalTask.release.xcconfig */,
			);
			path = Pods;
			sourceTree = "<group>";
		};
		CE02BA1125F3BE3B00788EE3 /* Networking */ = {
			isa = PBXGroup;
			children = (
				CE4075CA2576B34E006F4592 /* RequestService.swift */,
				CE4075DC257BB59F006F4592 /* DataTaskService.swift */,
				CE4075C42576A5E1006F4592 /* NetworkService.swift */,
				CE3DD1DF2585350300C31D7F /* Helpers */,
			);
			path = Networking;
			sourceTree = "<group>";
		};
		CE16595A25E0D20E008E609A /* ProfileHeader */ = {
			isa = PBXGroup;
			children = (
				CED3279524DED6D200BB1A80 /* ProfileHeaderView.swift */,
				CE16595825E0D1B2008E609A /* ProfileHeaderViewModel.swift */,
				CED3279324DED5EC00BB1A80 /* ProfileHeaderView.xib */,
			);
			path = ProfileHeader;
			sourceTree = "<group>";
		};
		CE16595B25E0D23F008E609A /* ProfilePhotoCell */ = {
			isa = PBXGroup;
			children = (
				CEB0222324DD79C3009D0615 /* ProfilePhotoCell.swift */,
				CED3278F24DE6E4000BB1A80 /* ProfilePhotoCell.xib */,
			);
			path = ProfilePhotoCell;
			sourceTree = "<group>";
		};
		CE2FF95D2603D40600FDA68D /* CoreData */ = {
			isa = PBXGroup;
			children = (
				CE2FF96626049F3000FDA68D /* CoreDataService.swift */,
				CE5E78FB26179AAD00A0AF72 /* NSManagedObjectContext+Extension.swift */,
				CE2FF95E2603D47900FDA68D /* Course5FinalTask.xcdatamodeld */,
			);
			path = CoreData;
			sourceTree = "<group>";
		};
		CE3DD1DF2585350300C31D7F /* Helpers */ = {
			isa = PBXGroup;
			children = (
				CE7D7CD0267B089E0012C2F0 /* ServerConstants.swift */,
				CE0CFFCF2610F7D700B9A9AA /* NetworkErrorHandler.swift */,
				CE4075C62576A7B4006F4592 /* AuthorizationURLCreator.swift */,
				CEFF9CA425D5B2C3004C357F /* UserURLCreator.swift */,
				CEFF9CA625D5B2E5004C357F /* PostURLCreator.swift */,
				CE4075CC2576B3C0006F4592 /* HTTPMethod.swift */,
				CE3DD1DD2585301C00C31D7F /* NetworkError.swift */,
			);
			path = Helpers;
			sourceTree = "<group>";
		};
		CE4075BE25754B21006F4592 /* Services */ = {
			isa = PBXGroup;
			children = (
				CE3A168425F7FA2E00FFA849 /* AuthorizationService.swift */,
				CE3A168225F7F8C900FFA849 /* DataFetchingService.swift */,
				CE02BA1125F3BE3B00788EE3 /* Networking */,
				CE7EDF6A2618FB57005F7167 /* Storing */,
			);
			path = Services;
			sourceTree = "<group>";
		};
		CE4075C125755F1B006F4592 /* Authorization */ = {
			isa = PBXGroup;
			children = (
				CE4075C225755F4B006F4592 /* AuthorizationViewController.swift */,
				CEDA405025D6FFE2008D0B71 /* AuthorizationViewModel.swift */,
			);
			path = Authorization;
			sourceTree = "<group>";
		};
		CE4075D125776F0E006F4592 /* UserList */ = {
			isa = PBXGroup;
			children = (
				CE6D676D24E02574002FE7F2 /* UserListViewController.swift */,
				CE0190E025D4546B002D48BA /* UserListViewModel.swift */,
			);
			path = UserList;
			sourceTree = "<group>";
		};
		CE4075D225776F59006F4592 /* TabBar */ = {
			isa = PBXGroup;
			children = (
				CE4075CE2576BABC006F4592 /* TabBarController.swift */,
			);
			path = TabBar;
			sourceTree = "<group>";
		};
		CE4075D32577FDEE006F4592 /* Extensions */ = {
			isa = PBXGroup;
			children = (
				CE76326B2573746600E4F7AE /* UIViewController+Extensions.swift */,
				CEB7A7E525E2B6F1009D9897 /* UIView+Extension.swift */,
				CE9BEA79258B19090006EFEA /* UIImageView+Extension.swift */,
				CE20DDE425FB410900274A95 /* NibTableViewCell.swift */,
				CEDA405725DBF86C008D0B71 /* Data+Extension.swift */,
				CE4075D42577FE4E006F4592 /* DateFormatter+Extension.swift */,
				CEB7A7F325EA7B6F009D9897 /* URL+Extension.swift */,
				CE6F191A26792CAE00F90C6B /* String+Extension.swift */,
			);
			path = Extensions;
			sourceTree = "<group>";
		};
		CE48841925B9D61F00BCB7F9 /* Cells */ = {
			isa = PBXGroup;
			children = (
				CEBE92B12528C588002A6A63 /* NewPhotoCell.swift */,
				CEBE92AF2528C4CC002A6A63 /* NewPhotoCell.xib */,
			);
			path = Cells;
			sourceTree = "<group>";
		};
		CE48841A25B9D63A00BCB7F9 /* Cells */ = {
			isa = PBXGroup;
			children = (
				CE6E2D5524D9BD3300A4B08B /* FeedPostCell.swift */,
				CEB7A7EA25E37DCE009D9897 /* FeedPostCellViewModel.swift */,
				CE88991B25DE55EA000DA414 /* FeedPostCell.xib */,
			);
			path = Cells;
			sourceTree = "<group>";
		};
		CE48841B25B9D64900BCB7F9 /* Cells */ = {
			isa = PBXGroup;
			children = (
				CE9C3591252A421A00730A47 /* FilterCell.swift */,
				CE9C3592252A421A00730A47 /* FilterCell.xib */,
			);
			path = Cells;
			sourceTree = "<group>";
		};
		CE48841C25B9D65700BCB7F9 /* Cells */ = {
			isa = PBXGroup;
			children = (
				CE16595A25E0D20E008E609A /* ProfileHeader */,
				CE16595B25E0D23F008E609A /* ProfilePhotoCell */,
			);
			path = Cells;
			sourceTree = "<group>";
		};
		CE7632682573732A00E4F7AE /* Modules */ = {
			isa = PBXGroup;
			children = (
				CE4075C125755F1B006F4592 /* Authorization */,
				CE4075D225776F59006F4592 /* TabBar */,
				CED3279724DEE22900BB1A80 /* Feed */,
				CEBE92AA25264B72002A6A63 /* NewPost */,
				CEBE92B32529A9D7002A6A63 /* Filters */,
				CEA36F40252F785000386D64 /* Sharing */,
				CED3279824DEE23C00BB1A80 /* Profile */,
				CE4075D125776F0E006F4592 /* UserList */,
			);
			path = Modules;
			sourceTree = "<group>";
		};
		CE76326D257374BA00E4F7AE /* Models */ = {
			isa = PBXGroup;
			children = (
				CE4075B8257549D9006F4592 /* TokenModel.swift */,
				CE4075BA25754AC0006F4592 /* AutorizationModel.swift */,
				CE7632692573743F00E4F7AE /* UserModel.swift */,
				CE4075BC25754AF7006F4592 /* PostModel.swift */,
			);
			path = Models;
			sourceTree = "<group>";
		};
		CE7EDF6A2618FB57005F7167 /* Storing */ = {
			isa = PBXGroup;
			children = (
				CE2FF9682604A32100FDA68D /* DataStorageService.swift */,
				CE02BA1325F3BE8500788EE3 /* KeychainService.swift */,
				CE2FF95D2603D40600FDA68D /* CoreData */,
			);
			path = Storing;
			sourceTree = "<group>";
		};
		CEA36F3D252E25E300386D64 /* Additional Files */ = {
			isa = PBXGroup;
			children = (
				CE0190E625D472DF002D48BA /* UIConstants.swift */,
				CEA36F3E252E264000386D64 /* FilterImageOperation.swift */,
				CE4075DA257AC629006F4592 /* LoadingView.swift */,
				CE813ABD2580F77D006DCCBB /* UserListType.swift */,
				CE9BEA7D258BB9690006EFEA /* NewImagesProvider.swift */,
				CE0190E425D46509002D48BA /* Box.swift */,
				CE20DD6E25FA158C00274A95 /* AppError.swift */,
				CE4075D32577FDEE006F4592 /* Extensions */,
			);
			path = "Additional Files";
			sourceTree = "<group>";
		};
		CEA36F40252F785000386D64 /* Sharing */ = {
			isa = PBXGroup;
			children = (
				CEA36F41252F78C200386D64 /* SharingViewController.swift */,
				CEFF9CA825D6D455004C357F /* SharingViewModel.swift */,
				CE6F191E267A5FDC00F90C6B /* SharingViewController.xib */,
			);
			path = Sharing;
			sourceTree = "<group>";
		};
		CEBE92AA25264B72002A6A63 /* NewPost */ = {
			isa = PBXGroup;
			children = (
				CEBE92AB25264BF6002A6A63 /* NewPostViewController.swift */,
				CEEB25AA25DD70EE009EF29B /* NewPostViewModel.swift */,
				CE48841925B9D61F00BCB7F9 /* Cells */,
			);
			path = NewPost;
			sourceTree = "<group>";
		};
		CEBE92B32529A9D7002A6A63 /* Filters */ = {
			isa = PBXGroup;
			children = (
				CEBE92B42529AA7A002A6A63 /* FiltersViewController.swift */,
				CEDA405525DBF159008D0B71 /* FiltersViewModel.swift */,
				CEBE92B52529AA7A002A6A63 /* FiltersViewController.xib */,
				CE48841B25B9D64900BCB7F9 /* Cells */,
			);
			path = Filters;
			sourceTree = "<group>";
		};
		CED3279724DEE22900BB1A80 /* Feed */ = {
			isa = PBXGroup;
			children = (
				CECB0BFE24C8725D0086A593 /* FeedViewController.swift */,
				CEB7A7E725E2BC96009D9897 /* FeedViewModel.swift */,
				CE88991D25DE5680000DA414 /* FeedViewController.xib */,
				CE48841A25B9D63A00BCB7F9 /* Cells */,
			);
			path = Feed;
			sourceTree = "<group>";
		};
		CED3279824DEE23C00BB1A80 /* Profile */ = {
			isa = PBXGroup;
			children = (
				CE6E2D5124D947DA00A4B08B /* ProfileViewController.swift */,
				CE16595C25E18D06008E609A /* ProfileViewModel.swift */,
				CE88991925DE4998000DA414 /* ProfileViewController.xib */,
				CE48841C25B9D65700BCB7F9 /* Cells */,
			);
			path = Profile;
			sourceTree = "<group>";
		};
		CEEEE9BB2622090C004333A4 /* Course5FinalTaskTests */ = {
			isa = PBXGroup;
			children = (
				CEEEE9BC2622090C004333A4 /* AuthorizationViewModelTests.swift */,
				CEEEE9BE2622090C004333A4 /* Info.plist */,
			);
			path = Course5FinalTaskTests;
			sourceTree = "<group>";
		};
/* End PBXGroup section */

/* Begin PBXNativeTarget section */
		74B79253202B3254006BCB41 /* Course5FinalTask */ = {
			isa = PBXNativeTarget;
			buildConfigurationList = 74B79266202B3254006BCB41 /* Build configuration list for PBXNativeTarget "Course5FinalTask" */;
			buildPhases = (
				DA84EDFFEB368DF7DC422C30 /* [CP] Check Pods Manifest.lock */,
				74B79250202B3254006BCB41 /* Sources */,
				74B79251202B3254006BCB41 /* Frameworks */,
				74B79252202B3254006BCB41 /* Resources */,
				74B7927A202B33EA006BCB41 /* Embed Frameworks */,
				64EACFAC270D6EA8FA3610EA /* [CP] Embed Pods Frameworks */,
			);
			buildRules = (
			);
			dependencies = (
			);
			name = Course5FinalTask;
			productName = Course2Week3FinalTask;
			productReference = 74B79254202B3254006BCB41 /* Course5FinalTask.app */;
			productType = "com.apple.product-type.application";
		};
		CEEEE9B92622090C004333A4 /* Course5FinalTaskTests */ = {
			isa = PBXNativeTarget;
			buildConfigurationList = CEEEE9C32622090C004333A4 /* Build configuration list for PBXNativeTarget "Course5FinalTaskTests" */;
			buildPhases = (
				CEEEE9B62622090C004333A4 /* Sources */,
				CEEEE9B72622090C004333A4 /* Frameworks */,
				CEEEE9B82622090C004333A4 /* Resources */,
			);
			buildRules = (
			);
			dependencies = (
			);
			name = Course5FinalTaskTests;
			productName = Course5FinalTaskTests;
			productReference = CEEEE9BA2622090C004333A4 /* Course5FinalTaskTests.xctest */;
			productType = "com.apple.product-type.bundle.unit-test";
		};
/* End PBXNativeTarget section */

/* Begin PBXProject section */
		74B7924C202B3254006BCB41 /* Project object */ = {
			isa = PBXProject;
			attributes = {
				LastSwiftUpdateCheck = 1240;
				LastUpgradeCheck = 1250;
				ORGANIZATIONNAME = "e-Legion";
				TargetAttributes = {
					74B79253202B3254006BCB41 = {
						CreatedOnToolsVersion = 9.2;
						LastSwiftMigration = 1100;
						ProvisioningStyle = Automatic;
					};
					CEEEE9B92622090C004333A4 = {
						CreatedOnToolsVersion = 12.4;
						ProvisioningStyle = Automatic;
						TestTargetID = 74B79253202B3254006BCB41;
					};
				};
			};
			buildConfigurationList = 74B7924F202B3254006BCB41 /* Build configuration list for PBXProject "Course5FinalTask" */;
			compatibilityVersion = "Xcode 8.0";
			developmentRegion = en;
			hasScannedForEncodings = 0;
			knownRegions = (
				en,
				Base,
				ru,
			);
			mainGroup = 74B7924B202B3254006BCB41;
			productRefGroup = 74B79255202B3254006BCB41 /* Products */;
			projectDirPath = "";
			projectRoot = "";
			targets = (
				74B79253202B3254006BCB41 /* Course5FinalTask */,
				CEEEE9B92622090C004333A4 /* Course5FinalTaskTests */,
			);
		};
/* End PBXProject section */

/* Begin PBXResourcesBuildPhase section */
		74B79252202B3254006BCB41 /* Resources */ = {
			isa = PBXResourcesBuildPhase;
			buildActionMask = 2147483647;
			files = (
				CED3279024DE6E4000BB1A80 /* ProfilePhotoCell.xib in Resources */,
				CEBE92B72529AA7A002A6A63 /* FiltersViewController.xib in Resources */,
				CECB0BFD24C86FFA0086A593 /* LaunchScreen.storyboard in Resources */,
				CED3279424DED5EC00BB1A80 /* ProfileHeaderView.xib in Resources */,
				CEBE92B02528C4CC002A6A63 /* NewPhotoCell.xib in Resources */,
				CE88991A25DE4998000DA414 /* ProfileViewController.xib in Resources */,
				CE88991E25DE5680000DA414 /* FeedViewController.xib in Resources */,
				74B7925F202B3254006BCB41 /* Assets.xcassets in Resources */,
				CE88991C25DE55EA000DA414 /* FeedPostCell.xib in Resources */,
				CE6F191926792C0F00F90C6B /* Localizable.strings in Resources */,
				CE9C3594252A421A00730A47 /* FilterCell.xib in Resources */,
				CE6F191C267A5FDC00F90C6B /* SharingViewController.xib in Resources */,
			);
			runOnlyForDeploymentPostprocessing = 0;
		};
		CEEEE9B82622090C004333A4 /* Resources */ = {
			isa = PBXResourcesBuildPhase;
			buildActionMask = 2147483647;
			files = (
			);
			runOnlyForDeploymentPostprocessing = 0;
		};
/* End PBXResourcesBuildPhase section */

/* Begin PBXShellScriptBuildPhase section */
		64EACFAC270D6EA8FA3610EA /* [CP] Embed Pods Frameworks */ = {
			isa = PBXShellScriptBuildPhase;
			buildActionMask = 2147483647;
			files = (
			);
			inputPaths = (
				"${PODS_ROOT}/Target Support Files/Pods-Course5FinalTask/Pods-Course5FinalTask-frameworks.sh",
				"${BUILT_PRODUCTS_DIR}/Kingfisher/Kingfisher.framework",
			);
			name = "[CP] Embed Pods Frameworks";
			outputPaths = (
				"${TARGET_BUILD_DIR}/${FRAMEWORKS_FOLDER_PATH}/Kingfisher.framework",
			);
			runOnlyForDeploymentPostprocessing = 0;
			shellPath = /bin/sh;
			shellScript = "\"${PODS_ROOT}/Target Support Files/Pods-Course5FinalTask/Pods-Course5FinalTask-frameworks.sh\"\n";
			showEnvVarsInLog = 0;
		};
		DA84EDFFEB368DF7DC422C30 /* [CP] Check Pods Manifest.lock */ = {
			isa = PBXShellScriptBuildPhase;
			buildActionMask = 2147483647;
			files = (
			);
			inputFileListPaths = (
			);
			inputPaths = (
				"${PODS_PODFILE_DIR_PATH}/Podfile.lock",
				"${PODS_ROOT}/Manifest.lock",
			);
			name = "[CP] Check Pods Manifest.lock";
			outputFileListPaths = (
			);
			outputPaths = (
				"$(DERIVED_FILE_DIR)/Pods-Course5FinalTask-checkManifestLockResult.txt",
			);
			runOnlyForDeploymentPostprocessing = 0;
			shellPath = /bin/sh;
			shellScript = "diff \"${PODS_PODFILE_DIR_PATH}/Podfile.lock\" \"${PODS_ROOT}/Manifest.lock\" > /dev/null\nif [ $? != 0 ] ; then\n    # print error to STDERR\n    echo \"error: The sandbox is not in sync with the Podfile.lock. Run 'pod install' or update your CocoaPods installation.\" >&2\n    exit 1\nfi\n# This output is used by Xcode 'outputs' to avoid re-running this script phase.\necho \"SUCCESS\" > \"${SCRIPT_OUTPUT_FILE_0}\"\n";
			showEnvVarsInLog = 0;
		};
/* End PBXShellScriptBuildPhase section */

/* Begin PBXSourcesBuildPhase section */
		74B79250202B3254006BCB41 /* Sources */ = {
			isa = PBXSourcesBuildPhase;
			buildActionMask = 2147483647;
			files = (
				CE4075C52576A5E1006F4592 /* NetworkService.swift in Sources */,
				CE4075C72576A7B4006F4592 /* AuthorizationURLCreator.swift in Sources */,
				CE4075CF2576BABC006F4592 /* TabBarController.swift in Sources */,
				CE20DDE525FB410900274A95 /* NibTableViewCell.swift in Sources */,
				CEA36F43252F78C200386D64 /* SharingViewController.swift in Sources */,
				CEDA405125D6FFE2008D0B71 /* AuthorizationViewModel.swift in Sources */,
				CEDA405625DBF159008D0B71 /* FiltersViewModel.swift in Sources */,
				CEB7A7E825E2BC96009D9897 /* FeedViewModel.swift in Sources */,
				CE4075DB257AC629006F4592 /* LoadingView.swift in Sources */,
				CEB7A7EB25E37DCE009D9897 /* FeedPostCellViewModel.swift in Sources */,
				CE3A168525F7FA2E00FFA849 /* AuthorizationService.swift in Sources */,
				CE3DD1DE2585301C00C31D7F /* NetworkError.swift in Sources */,
				74B79258202B3254006BCB41 /* AppDelegate.swift in Sources */,
				CE02BA1425F3BE8500788EE3 /* KeychainService.swift in Sources */,
				CE9C3593252A421A00730A47 /* FilterCell.swift in Sources */,
				CEB7A7E625E2B6F1009D9897 /* UIView+Extension.swift in Sources */,
				CEFF9CA925D6D455004C357F /* SharingViewModel.swift in Sources */,
				CEFF9CA525D5B2C3004C357F /* UserURLCreator.swift in Sources */,
				CE4075CD2576B3C0006F4592 /* HTTPMethod.swift in Sources */,
				CE4075BB25754AC0006F4592 /* AutorizationModel.swift in Sources */,
				CE7D7CD1267B089E0012C2F0 /* ServerConstants.swift in Sources */,
				CE0190E725D472DF002D48BA /* UIConstants.swift in Sources */,
				CECB0BFF24C8725D0086A593 /* FeedViewController.swift in Sources */,
				CE6D676E24E02574002FE7F2 /* UserListViewController.swift in Sources */,
				CEEB25AB25DD70EE009EF29B /* NewPostViewModel.swift in Sources */,
				CE16595D25E18D06008E609A /* ProfileViewModel.swift in Sources */,
				CE16595925E0D1B2008E609A /* ProfileHeaderViewModel.swift in Sources */,
				CE6E2D5224D947DA00A4B08B /* ProfileViewController.swift in Sources */,
				CEBE92AD25264BF6002A6A63 /* NewPostViewController.swift in Sources */,
				CE6F191B26792CAE00F90C6B /* String+Extension.swift in Sources */,
				CE6E2D5624D9BD3300A4B08B /* FeedPostCell.swift in Sources */,
				CE4075D52577FE4E006F4592 /* DateFormatter+Extension.swift in Sources */,
				CE0CFFD02610F7D700B9A9AA /* NetworkErrorHandler.swift in Sources */,
				CE5E78FC26179AAD00A0AF72 /* NSManagedObjectContext+Extension.swift in Sources */,
				CEFF9CA725D5B2E5004C357F /* PostURLCreator.swift in Sources */,
				CE3A168325F7F8C900FFA849 /* DataFetchingService.swift in Sources */,
				CE2FF9692604A32100FDA68D /* DataStorageService.swift in Sources */,
				CE76326A2573743F00E4F7AE /* UserModel.swift in Sources */,
				CE813ABE2580F77D006DCCBB /* UserListType.swift in Sources */,
				CE4075CB2576B34E006F4592 /* RequestService.swift in Sources */,
				CED3279624DED6D200BB1A80 /* ProfileHeaderView.swift in Sources */,
				CE9BEA7E258BB9690006EFEA /* NewImagesProvider.swift in Sources */,
				CEDA405825DBF86C008D0B71 /* Data+Extension.swift in Sources */,
				CEB0222424DD79C3009D0615 /* ProfilePhotoCell.swift in Sources */,
				CE0190E125D4546B002D48BA /* UserListViewModel.swift in Sources */,
				CE76326C2573746600E4F7AE /* UIViewController+Extensions.swift in Sources */,
				CE2FF9602603D47900FDA68D /* Course5FinalTask.xcdatamodeld in Sources */,
				CEBE92B62529AA7A002A6A63 /* FiltersViewController.swift in Sources */,
				CEA36F3F252E264000386D64 /* FilterImageOperation.swift in Sources */,
				CE9BEA7A258B19090006EFEA /* UIImageView+Extension.swift in Sources */,
				CEB7A7F425EA7B6F009D9897 /* URL+Extension.swift in Sources */,
				CE0190E525D46509002D48BA /* Box.swift in Sources */,
				CE20DD6F25FA158C00274A95 /* AppError.swift in Sources */,
				CE4075BD25754AF7006F4592 /* PostModel.swift in Sources */,
				CE4075B9257549D9006F4592 /* TokenModel.swift in Sources */,
				CE4075C325755F4B006F4592 /* AuthorizationViewController.swift in Sources */,
				CE4075DD257BB59F006F4592 /* DataTaskService.swift in Sources */,
				CE2FF96726049F3000FDA68D /* CoreDataService.swift in Sources */,
				CEBE92B22528C588002A6A63 /* NewPhotoCell.swift in Sources */,
			);
			runOnlyForDeploymentPostprocessing = 0;
		};
		CEEEE9B62622090C004333A4 /* Sources */ = {
			isa = PBXSourcesBuildPhase;
			buildActionMask = 2147483647;
			files = (
				CEEEE9BD2622090C004333A4 /* AuthorizationViewModelTests.swift in Sources */,
			);
			runOnlyForDeploymentPostprocessing = 0;
		};
/* End PBXSourcesBuildPhase section */

/* Begin PBXVariantGroup section */
		CE6F191E267A5FDC00F90C6B /* SharingViewController.xib */ = {
			isa = PBXVariantGroup;
			children = (
				CE6F191F267A5FE400F90C6B /* Base */,
				CE6F1920267A5FE900F90C6B /* ru */,
			);
			name = SharingViewController.xib;
			sourceTree = "<group>";
		};
/* End PBXVariantGroup section */

/* Begin XCBuildConfiguration section */
		74B79264202B3254006BCB41 /* Debug */ = {
			isa = XCBuildConfiguration;
			buildSettings = {
				ALWAYS_SEARCH_USER_PATHS = NO;
				CLANG_ANALYZER_LOCALIZABILITY_NONLOCALIZED = YES;
				CLANG_ANALYZER_NONNULL = YES;
				CLANG_ANALYZER_NUMBER_OBJECT_CONVERSION = YES_AGGRESSIVE;
				CLANG_CXX_LANGUAGE_STANDARD = "gnu++14";
				CLANG_CXX_LIBRARY = "libc++";
				CLANG_ENABLE_MODULES = YES;
				CLANG_ENABLE_OBJC_ARC = YES;
				CLANG_WARN_BLOCK_CAPTURE_AUTORELEASING = YES;
				CLANG_WARN_BOOL_CONVERSION = YES;
				CLANG_WARN_COMMA = YES;
				CLANG_WARN_CONSTANT_CONVERSION = YES;
				CLANG_WARN_DEPRECATED_OBJC_IMPLEMENTATIONS = YES;
				CLANG_WARN_DIRECT_OBJC_ISA_USAGE = YES_ERROR;
				CLANG_WARN_DOCUMENTATION_COMMENTS = YES;
				CLANG_WARN_EMPTY_BODY = YES;
				CLANG_WARN_ENUM_CONVERSION = YES;
				CLANG_WARN_INFINITE_RECURSION = YES;
				CLANG_WARN_INT_CONVERSION = YES;
				CLANG_WARN_NON_LITERAL_NULL_CONVERSION = YES;
				CLANG_WARN_OBJC_IMPLICIT_RETAIN_SELF = YES;
				CLANG_WARN_OBJC_LITERAL_CONVERSION = YES;
				CLANG_WARN_OBJC_ROOT_CLASS = YES_ERROR;
				CLANG_WARN_QUOTED_INCLUDE_IN_FRAMEWORK_HEADER = YES;
				CLANG_WARN_RANGE_LOOP_ANALYSIS = YES;
				CLANG_WARN_STRICT_PROTOTYPES = YES;
				CLANG_WARN_SUSPICIOUS_MOVE = YES;
				CLANG_WARN_UNGUARDED_AVAILABILITY = YES_AGGRESSIVE;
				CLANG_WARN_UNREACHABLE_CODE = YES;
				CLANG_WARN__DUPLICATE_METHOD_MATCH = YES;
				CODE_SIGN_IDENTITY = "iPhone Developer";
				COPY_PHASE_STRIP = NO;
				DEBUG_INFORMATION_FORMAT = dwarf;
				ENABLE_STRICT_OBJC_MSGSEND = YES;
				ENABLE_TESTABILITY = YES;
				GCC_C_LANGUAGE_STANDARD = gnu11;
				GCC_DYNAMIC_NO_PIC = NO;
				GCC_NO_COMMON_BLOCKS = YES;
				GCC_OPTIMIZATION_LEVEL = 0;
				GCC_PREPROCESSOR_DEFINITIONS = (
					"DEBUG=1",
					"$(inherited)",
				);
				GCC_WARN_64_TO_32_BIT_CONVERSION = YES;
				GCC_WARN_ABOUT_RETURN_TYPE = YES_ERROR;
				GCC_WARN_UNDECLARED_SELECTOR = YES;
				GCC_WARN_UNINITIALIZED_AUTOS = YES_AGGRESSIVE;
				GCC_WARN_UNUSED_FUNCTION = YES;
				GCC_WARN_UNUSED_VARIABLE = YES;
				IPHONEOS_DEPLOYMENT_TARGET = 14.0;
				MTL_ENABLE_DEBUG_INFO = YES;
				ONLY_ACTIVE_ARCH = YES;
				SDKROOT = iphoneos;
				SWIFT_ACTIVE_COMPILATION_CONDITIONS = DEBUG;
				SWIFT_OPTIMIZATION_LEVEL = "-Onone";
			};
			name = Debug;
		};
		74B79265202B3254006BCB41 /* Release */ = {
			isa = XCBuildConfiguration;
			buildSettings = {
				ALWAYS_SEARCH_USER_PATHS = NO;
				CLANG_ANALYZER_LOCALIZABILITY_NONLOCALIZED = YES;
				CLANG_ANALYZER_NONNULL = YES;
				CLANG_ANALYZER_NUMBER_OBJECT_CONVERSION = YES_AGGRESSIVE;
				CLANG_CXX_LANGUAGE_STANDARD = "gnu++14";
				CLANG_CXX_LIBRARY = "libc++";
				CLANG_ENABLE_MODULES = YES;
				CLANG_ENABLE_OBJC_ARC = YES;
				CLANG_WARN_BLOCK_CAPTURE_AUTORELEASING = YES;
				CLANG_WARN_BOOL_CONVERSION = YES;
				CLANG_WARN_COMMA = YES;
				CLANG_WARN_CONSTANT_CONVERSION = YES;
				CLANG_WARN_DEPRECATED_OBJC_IMPLEMENTATIONS = YES;
				CLANG_WARN_DIRECT_OBJC_ISA_USAGE = YES_ERROR;
				CLANG_WARN_DOCUMENTATION_COMMENTS = YES;
				CLANG_WARN_EMPTY_BODY = YES;
				CLANG_WARN_ENUM_CONVERSION = YES;
				CLANG_WARN_INFINITE_RECURSION = YES;
				CLANG_WARN_INT_CONVERSION = YES;
				CLANG_WARN_NON_LITERAL_NULL_CONVERSION = YES;
				CLANG_WARN_OBJC_IMPLICIT_RETAIN_SELF = YES;
				CLANG_WARN_OBJC_LITERAL_CONVERSION = YES;
				CLANG_WARN_OBJC_ROOT_CLASS = YES_ERROR;
				CLANG_WARN_QUOTED_INCLUDE_IN_FRAMEWORK_HEADER = YES;
				CLANG_WARN_RANGE_LOOP_ANALYSIS = YES;
				CLANG_WARN_STRICT_PROTOTYPES = YES;
				CLANG_WARN_SUSPICIOUS_MOVE = YES;
				CLANG_WARN_UNGUARDED_AVAILABILITY = YES_AGGRESSIVE;
				CLANG_WARN_UNREACHABLE_CODE = YES;
				CLANG_WARN__DUPLICATE_METHOD_MATCH = YES;
				CODE_SIGN_IDENTITY = "iPhone Developer";
				COPY_PHASE_STRIP = NO;
				DEBUG_INFORMATION_FORMAT = "dwarf-with-dsym";
				ENABLE_NS_ASSERTIONS = NO;
				ENABLE_STRICT_OBJC_MSGSEND = YES;
				GCC_C_LANGUAGE_STANDARD = gnu11;
				GCC_NO_COMMON_BLOCKS = YES;
				GCC_WARN_64_TO_32_BIT_CONVERSION = YES;
				GCC_WARN_ABOUT_RETURN_TYPE = YES_ERROR;
				GCC_WARN_UNDECLARED_SELECTOR = YES;
				GCC_WARN_UNINITIALIZED_AUTOS = YES_AGGRESSIVE;
				GCC_WARN_UNUSED_FUNCTION = YES;
				GCC_WARN_UNUSED_VARIABLE = YES;
				IPHONEOS_DEPLOYMENT_TARGET = 14.0;
				MTL_ENABLE_DEBUG_INFO = NO;
				SDKROOT = iphoneos;
				SWIFT_OPTIMIZATION_LEVEL = "-Owholemodule";
				VALIDATE_PRODUCT = YES;
			};
			name = Release;
		};
		74B79267202B3254006BCB41 /* Debug */ = {
			isa = XCBuildConfiguration;
			baseConfigurationReference = B28970D85143007B96B904C6 /* Pods-Course5FinalTask.debug.xcconfig */;
			buildSettings = {
				ALWAYS_EMBED_SWIFT_STANDARD_LIBRARIES = YES;
				ASSETCATALOG_COMPILER_APPICON_NAME = AppIcon;
				"CODE_SIGN_IDENTITY[sdk=iphoneos*]" = "iPhone Developer";
				CODE_SIGN_STYLE = Automatic;
				DEVELOPMENT_TEAM = 4J6378W446;
				ENABLE_BITCODE = NO;
				FRAMEWORK_SEARCH_PATHS = (
					"$(inherited)",
					"$(PROJECT_DIR)",
				);
				INFOPLIST_FILE = "$(SRCROOT)/Course5FinalTask/Supporting Files/Info.plist";
				LD_RUNPATH_SEARCH_PATHS = "$(inherited) @executable_path/Frameworks";
				PRODUCT_BUNDLE_IDENTIFIER = "com.e-legion.Course5FinalTask";
				PRODUCT_NAME = "$(TARGET_NAME)";
				PROVISIONING_PROFILE_SPECIFIER = "";
				SWIFT_VERSION = 5.0;
				TARGETED_DEVICE_FAMILY = 1;
			};
			name = Debug;
		};
		74B79268202B3254006BCB41 /* Release */ = {
			isa = XCBuildConfiguration;
			baseConfigurationReference = 2AF9CE4DFB87810DC467B92C /* Pods-Course5FinalTask.release.xcconfig */;
			buildSettings = {
				ALWAYS_EMBED_SWIFT_STANDARD_LIBRARIES = YES;
				ASSETCATALOG_COMPILER_APPICON_NAME = AppIcon;
				"CODE_SIGN_IDENTITY[sdk=iphoneos*]" = "iPhone Developer";
				CODE_SIGN_STYLE = Automatic;
				DEVELOPMENT_TEAM = 4J6378W446;
				ENABLE_BITCODE = NO;
				FRAMEWORK_SEARCH_PATHS = (
					"$(inherited)",
					"$(PROJECT_DIR)",
				);
				INFOPLIST_FILE = "$(SRCROOT)/Course5FinalTask/Supporting Files/Info.plist";
				LD_RUNPATH_SEARCH_PATHS = "$(inherited) @executable_path/Frameworks";
				PRODUCT_BUNDLE_IDENTIFIER = "com.e-legion.Course5FinalTask";
				PRODUCT_NAME = "$(TARGET_NAME)";
				PROVISIONING_PROFILE_SPECIFIER = "";
				SWIFT_VERSION = 5.0;
				TARGETED_DEVICE_FAMILY = 1;
			};
			name = Release;
		};
		CEEEE9C12622090C004333A4 /* Debug */ = {
			isa = XCBuildConfiguration;
			buildSettings = {
				BUNDLE_LOADER = "$(TEST_HOST)";
				CLANG_ENABLE_OBJC_WEAK = YES;
				CODE_SIGN_STYLE = Automatic;
				DEVELOPMENT_TEAM = 4J6378W446;
				INFOPLIST_FILE = Course5FinalTaskTests/Info.plist;
				IPHONEOS_DEPLOYMENT_TARGET = 14.4;
				LD_RUNPATH_SEARCH_PATHS = "$(inherited) @executable_path/Frameworks @loader_path/Frameworks";
				MTL_ENABLE_DEBUG_INFO = INCLUDE_SOURCE;
				MTL_FAST_MATH = YES;
				PRODUCT_BUNDLE_IDENTIFIER = ru.EvgenyNovgorodov.Course5FinalTaskTests;
				PRODUCT_NAME = "$(TARGET_NAME)";
				SWIFT_VERSION = 5.0;
				TARGETED_DEVICE_FAMILY = "1,2";
				TEST_HOST = "$(BUILT_PRODUCTS_DIR)/Course5FinalTask.app/Course5FinalTask";
			};
			name = Debug;
		};
		CEEEE9C22622090C004333A4 /* Release */ = {
			isa = XCBuildConfiguration;
			buildSettings = {
				BUNDLE_LOADER = "$(TEST_HOST)";
				CLANG_ENABLE_OBJC_WEAK = YES;
				CODE_SIGN_STYLE = Automatic;
				DEVELOPMENT_TEAM = 4J6378W446;
				INFOPLIST_FILE = Course5FinalTaskTests/Info.plist;
				IPHONEOS_DEPLOYMENT_TARGET = 14.4;
				LD_RUNPATH_SEARCH_PATHS = "$(inherited) @executable_path/Frameworks @loader_path/Frameworks";
				MTL_FAST_MATH = YES;
				PRODUCT_BUNDLE_IDENTIFIER = ru.EvgenyNovgorodov.Course5FinalTaskTests;
				PRODUCT_NAME = "$(TARGET_NAME)";
				SWIFT_VERSION = 5.0;
				TARGETED_DEVICE_FAMILY = "1,2";
				TEST_HOST = "$(BUILT_PRODUCTS_DIR)/Course5FinalTask.app/Course5FinalTask";
			};
			name = Release;
		};
/* End XCBuildConfiguration section */

/* Begin XCConfigurationList section */
		74B7924F202B3254006BCB41 /* Build configuration list for PBXProject "Course5FinalTask" */ = {
			isa = XCConfigurationList;
			buildConfigurations = (
				74B79264202B3254006BCB41 /* Debug */,
				74B79265202B3254006BCB41 /* Release */,
			);
			defaultConfigurationIsVisible = 0;
			defaultConfigurationName = Release;
		};
		74B79266202B3254006BCB41 /* Build configuration list for PBXNativeTarget "Course5FinalTask" */ = {
			isa = XCConfigurationList;
			buildConfigurations = (
				74B79267202B3254006BCB41 /* Debug */,
				74B79268202B3254006BCB41 /* Release */,
			);
			defaultConfigurationIsVisible = 0;
			defaultConfigurationName = Release;
		};
		CEEEE9C32622090C004333A4 /* Build configuration list for PBXNativeTarget "Course5FinalTaskTests" */ = {
			isa = XCConfigurationList;
			buildConfigurations = (
				CEEEE9C12622090C004333A4 /* Debug */,
				CEEEE9C22622090C004333A4 /* Release */,
			);
			defaultConfigurationIsVisible = 0;
			defaultConfigurationName = Release;
		};
/* End XCConfigurationList section */

/* Begin XCVersionGroup section */
		CE2FF95E2603D47900FDA68D /* Course5FinalTask.xcdatamodeld */ = {
			isa = XCVersionGroup;
			children = (
				CE2FF95F2603D47900FDA68D /* CoreDataModels.xcdatamodel */,
			);
			currentVersion = CE2FF95F2603D47900FDA68D /* CoreDataModels.xcdatamodel */;
			path = Course5FinalTask.xcdatamodeld;
			sourceTree = "<group>";
			versionGroupType = wrapper.xcdatamodel;
		};
/* End XCVersionGroup section */
	};
	rootObject = 74B7924C202B3254006BCB41 /* Project object */;
}
